// !$*UTF8*$!
{
	archiveVersion = 1;
	classes = {
	};
	objectVersion = 50;
	objects = {

/* Begin PBXBuildFile section */
		ED2F50C5230ACCCA00DB32E3 /* BenzinLitreResponse.swift in Sources */ = {isa = PBXBuildFile; fileRef = ED2F50C4230ACCCA00DB32E3 /* BenzinLitreResponse.swift */; };
		ED2F50C7230B2BBC00DB32E3 /* BenzinLitreVM.swift in Sources */ = {isa = PBXBuildFile; fileRef = ED2F50C6230B2BBC00DB32E3 /* BenzinLitreVM.swift */; };
		ED2F50CB230B3E6E00DB32E3 /* BenzinLitreCell.swift in Sources */ = {isa = PBXBuildFile; fileRef = ED2F50C9230B3E6E00DB32E3 /* BenzinLitreCell.swift */; };
		ED2F50CC230B3E6E00DB32E3 /* BenzinLitreCell.xib in Resources */ = {isa = PBXBuildFile; fileRef = ED2F50CA230B3E6E00DB32E3 /* BenzinLitreCell.xib */; };
		EDA2D6E3230AA8B8002694BE /* AppDelegate.swift in Sources */ = {isa = PBXBuildFile; fileRef = EDA2D6E2230AA8B8002694BE /* AppDelegate.swift */; };
		EDA2D6E5230AA8B8002694BE /* BenzinLitreViewController.swift in Sources */ = {isa = PBXBuildFile; fileRef = EDA2D6E4230AA8B8002694BE /* BenzinLitreViewController.swift */; };
		EDA2D6E8230AA8B8002694BE /* Main.storyboard in Resources */ = {isa = PBXBuildFile; fileRef = EDA2D6E6230AA8B8002694BE /* Main.storyboard */; };
		EDA2D6EA230AA8BA002694BE /* Assets.xcassets in Resources */ = {isa = PBXBuildFile; fileRef = EDA2D6E9230AA8BA002694BE /* Assets.xcassets */; };
		EDA2D6ED230AA8BA002694BE /* LaunchScreen.storyboard in Resources */ = {isa = PBXBuildFile; fileRef = EDA2D6EB230AA8BA002694BE /* LaunchScreen.storyboard */; };
		EDA2D6F5230AAF76002694BE /* BenzinLitreApi.swift in Sources */ = {isa = PBXBuildFile; fileRef = EDA2D6F4230AAF76002694BE /* BenzinLitreApi.swift */; };
		EDE5C951230C15B500D0DD6E /* TimeInterval+Extension.swift in Sources */ = {isa = PBXBuildFile; fileRef = EDE5C950230C15B500D0DD6E /* TimeInterval+Extension.swift */; };
		EE8F24BF29E52A4F819A5AFB /* Pods_benzinLitre.framework in Frameworks */ = {isa = PBXBuildFile; fileRef = CE0289028986E635A56AC34B /* Pods_benzinLitre.framework */; };
/* End PBXBuildFile section */

/* Begin PBXFileReference section */
		C9133EF380676AF0C534DBB6 /* Pods-benzinLitre.release.xcconfig */ = {isa = PBXFileReference; includeInIndex = 1; lastKnownFileType = text.xcconfig; name = "Pods-benzinLitre.release.xcconfig"; path = "Pods/Target Support Files/Pods-benzinLitre/Pods-benzinLitre.release.xcconfig"; sourceTree = "<group>"; };
		CE0289028986E635A56AC34B /* Pods_benzinLitre.framework */ = {isa = PBXFileReference; explicitFileType = wrapper.framework; includeInIndex = 0; path = Pods_benzinLitre.framework; sourceTree = BUILT_PRODUCTS_DIR; };
		DC4A510BDF6B202AB2242AF4 /* Pods-benzinLitre.debug.xcconfig */ = {isa = PBXFileReference; includeInIndex = 1; lastKnownFileType = text.xcconfig; name = "Pods-benzinLitre.debug.xcconfig"; path = "Pods/Target Support Files/Pods-benzinLitre/Pods-benzinLitre.debug.xcconfig"; sourceTree = "<group>"; };
		ED2F50C4230ACCCA00DB32E3 /* BenzinLitreResponse.swift */ = {isa = PBXFileReference; lastKnownFileType = sourcecode.swift; path = BenzinLitreResponse.swift; sourceTree = "<group>"; };
		ED2F50C6230B2BBC00DB32E3 /* BenzinLitreVM.swift */ = {isa = PBXFileReference; lastKnownFileType = sourcecode.swift; path = BenzinLitreVM.swift; sourceTree = "<group>"; };
		ED2F50C9230B3E6E00DB32E3 /* BenzinLitreCell.swift */ = {isa = PBXFileReference; lastKnownFileType = sourcecode.swift; path = BenzinLitreCell.swift; sourceTree = "<group>"; };
		ED2F50CA230B3E6E00DB32E3 /* BenzinLitreCell.xib */ = {isa = PBXFileReference; lastKnownFileType = file.xib; path = BenzinLitreCell.xib; sourceTree = "<group>"; };
		EDA2D6DF230AA8B8002694BE /* benzinLitre.app */ = {isa = PBXFileReference; explicitFileType = wrapper.application; includeInIndex = 0; path = benzinLitre.app; sourceTree = BUILT_PRODUCTS_DIR; };
		EDA2D6E2230AA8B8002694BE /* AppDelegate.swift */ = {isa = PBXFileReference; lastKnownFileType = sourcecode.swift; path = AppDelegate.swift; sourceTree = "<group>"; };
		EDA2D6E4230AA8B8002694BE /* BenzinLitreViewController.swift */ = {isa = PBXFileReference; lastKnownFileType = sourcecode.swift; path = BenzinLitreViewController.swift; sourceTree = "<group>"; };
		EDA2D6E7230AA8B8002694BE /* Base */ = {isa = PBXFileReference; lastKnownFileType = file.storyboard; name = Base; path = Base.lproj/Main.storyboard; sourceTree = "<group>"; };
		EDA2D6E9230AA8BA002694BE /* Assets.xcassets */ = {isa = PBXFileReference; lastKnownFileType = folder.assetcatalog; path = Assets.xcassets; sourceTree = "<group>"; };
		EDA2D6EC230AA8BA002694BE /* Base */ = {isa = PBXFileReference; lastKnownFileType = file.storyboard; name = Base; path = Base.lproj/LaunchScreen.storyboard; sourceTree = "<group>"; };
		EDA2D6EE230AA8BA002694BE /* Info.plist */ = {isa = PBXFileReference; lastKnownFileType = text.plist.xml; path = Info.plist; sourceTree = "<group>"; };
		EDA2D6F4230AAF76002694BE /* BenzinLitreApi.swift */ = {isa = PBXFileReference; lastKnownFileType = sourcecode.swift; path = BenzinLitreApi.swift; sourceTree = "<group>"; };
		EDE5C950230C15B500D0DD6E /* TimeInterval+Extension.swift */ = {isa = PBXFileReference; lastKnownFileType = sourcecode.swift; path = "TimeInterval+Extension.swift"; sourceTree = "<group>"; };
/* End PBXFileReference section */

/* Begin PBXFrameworksBuildPhase section */
		EDA2D6DC230AA8B8002694BE /* Frameworks */ = {
			isa = PBXFrameworksBuildPhase;
			buildActionMask = 2147483647;
			files = (
				EE8F24BF29E52A4F819A5AFB /* Pods_benzinLitre.framework in Frameworks */,
			);
			runOnlyForDeploymentPostprocessing = 0;
		};
/* End PBXFrameworksBuildPhase section */

/* Begin PBXGroup section */
		1E1BE8DAC5E212883B3BF093 /* Frameworks */ = {
			isa = PBXGroup;
			children = (
				CE0289028986E635A56AC34B /* Pods_benzinLitre.framework */,
			);
			name = Frameworks;
			sourceTree = "<group>";
		};
		C55CE3264279EDE793DB8FCC /* Pods */ = {
			isa = PBXGroup;
			children = (
				DC4A510BDF6B202AB2242AF4 /* Pods-benzinLitre.debug.xcconfig */,
				C9133EF380676AF0C534DBB6 /* Pods-benzinLitre.release.xcconfig */,
			);
			name = Pods;
			sourceTree = "<group>";
		};
		ED2F50C1230ABB1B00DB32E3 /* API */ = {
			isa = PBXGroup;
			children = (
				EDA2D6F4230AAF76002694BE /* BenzinLitreApi.swift */,
			);
			path = API;
			sourceTree = "<group>";
		};
		ED2F50C2230ABB3200DB32E3 /* Supporting Files */ = {
			isa = PBXGroup;
			children = (
				EDA2D6E9230AA8BA002694BE /* Assets.xcassets */,
				EDA2D6EB230AA8BA002694BE /* LaunchScreen.storyboard */,
			);
			path = "Supporting Files";
			sourceTree = "<group>";
		};
		ED2F50C3230ACCA200DB32E3 /* Response */ = {
			isa = PBXGroup;
			children = (
				ED2F50C4230ACCCA00DB32E3 /* BenzinLitreResponse.swift */,
			);
			path = Response;
			sourceTree = "<group>";
		};
		ED2F50C8230B3AB600DB32E3 /* BenzinLitre */ = {
			isa = PBXGroup;
			children = (
				ED2F50CD230B3E7200DB32E3 /* BenzinLitreCustomCell */,
				EDA2D6E4230AA8B8002694BE /* BenzinLitreViewController.swift */,
				ED2F50C6230B2BBC00DB32E3 /* BenzinLitreVM.swift */,
			);
			path = BenzinLitre;
			sourceTree = "<group>";
		};
		ED2F50CD230B3E7200DB32E3 /* BenzinLitreCustomCell */ = {
			isa = PBXGroup;
			children = (
				ED2F50C9230B3E6E00DB32E3 /* BenzinLitreCell.swift */,
				ED2F50CA230B3E6E00DB32E3 /* BenzinLitreCell.xib */,
			);
			path = BenzinLitreCustomCell;
			sourceTree = "<group>";
		};
		EDA2D6D6230AA8B8002694BE = {
			isa = PBXGroup;
			children = (
				EDA2D6E1230AA8B8002694BE /* benzinLitre */,
				EDA2D6E0230AA8B8002694BE /* Products */,
				C55CE3264279EDE793DB8FCC /* Pods */,
				1E1BE8DAC5E212883B3BF093 /* Frameworks */,
			);
			sourceTree = "<group>";
		};
		EDA2D6E0230AA8B8002694BE /* Products */ = {
			isa = PBXGroup;
			children = (
				EDA2D6DF230AA8B8002694BE /* benzinLitre.app */,
			);
			name = Products;
			sourceTree = "<group>";
		};
		EDA2D6E1230AA8B8002694BE /* benzinLitre */ = {
			isa = PBXGroup;
			children = (
				EDA2D6E2230AA8B8002694BE /* AppDelegate.swift */,
				ED2F50C8230B3AB600DB32E3 /* BenzinLitre */,
				EDE5C94F230C157900D0DD6E /* Extensions */,
				ED2F50C3230ACCA200DB32E3 /* Response */,
				ED2F50C1230ABB1B00DB32E3 /* API */,
				EDA2D6E6230AA8B8002694BE /* Main.storyboard */,
				EDA2D6EE230AA8BA002694BE /* Info.plist */,
				ED2F50C2230ABB3200DB32E3 /* Supporting Files */,
			);
			path = benzinLitre;
			sourceTree = "<group>";
		};
		EDE5C94F230C157900D0DD6E /* Extensions */ = {
			isa = PBXGroup;
			children = (
				EDE5C950230C15B500D0DD6E /* TimeInterval+Extension.swift */,
			);
			path = Extensions;
			sourceTree = "<group>";
		};
/* End PBXGroup section */

/* Begin PBXNativeTarget section */
		EDA2D6DE230AA8B8002694BE /* benzinLitre */ = {
			isa = PBXNativeTarget;
			buildConfigurationList = EDA2D6F1230AA8BA002694BE /* Build configuration list for PBXNativeTarget "benzinLitre" */;
			buildPhases = (
				442F1320A6423178CAEA18A8 /* [CP] Check Pods Manifest.lock */,
				EDA2D6DB230AA8B8002694BE /* Sources */,
				EDA2D6DC230AA8B8002694BE /* Frameworks */,
				EDA2D6DD230AA8B8002694BE /* Resources */,
				6A441D3E3CBACEF545FA53F0 /* [CP] Embed Pods Frameworks */,
			);
			buildRules = (
			);
			dependencies = (
			);
			name = benzinLitre;
			productName = benzinLitre;
			productReference = EDA2D6DF230AA8B8002694BE /* benzinLitre.app */;
			productType = "com.apple.product-type.application";
		};
/* End PBXNativeTarget section */

/* Begin PBXProject section */
		EDA2D6D7230AA8B8002694BE /* Project object */ = {
			isa = PBXProject;
			attributes = {
				LastSwiftUpdateCheck = 1020;
				LastUpgradeCheck = 1020;
				ORGANIZATIONNAME = "omur olgunay";
				TargetAttributes = {
					EDA2D6DE230AA8B8002694BE = {
						CreatedOnToolsVersion = 10.2.1;
					};
				};
			};
			buildConfigurationList = EDA2D6DA230AA8B8002694BE /* Build configuration list for PBXProject "benzinLitre" */;
			compatibilityVersion = "Xcode 9.3";
			developmentRegion = en;
			hasScannedForEncodings = 0;
			knownRegions = (
				en,
				Base,
			);
			mainGroup = EDA2D6D6230AA8B8002694BE;
			productRefGroup = EDA2D6E0230AA8B8002694BE /* Products */;
			projectDirPath = "";
			projectRoot = "";
			targets = (
				EDA2D6DE230AA8B8002694BE /* benzinLitre */,
			);
		};
/* End PBXProject section */

/* Begin PBXResourcesBuildPhase section */
		EDA2D6DD230AA8B8002694BE /* Resources */ = {
			isa = PBXResourcesBuildPhase;
			buildActionMask = 2147483647;
			files = (
				EDA2D6ED230AA8BA002694BE /* LaunchScreen.storyboard in Resources */,
				EDA2D6EA230AA8BA002694BE /* Assets.xcassets in Resources */,
				ED2F50CC230B3E6E00DB32E3 /* BenzinLitreCell.xib in Resources */,
				EDA2D6E8230AA8B8002694BE /* Main.storyboard in Resources */,
			);
			runOnlyForDeploymentPostprocessing = 0;
		};
/* End PBXResourcesBuildPhase section */

/* Begin PBXShellScriptBuildPhase section */
		442F1320A6423178CAEA18A8 /* [CP] Check Pods Manifest.lock */ = {
			isa = PBXShellScriptBuildPhase;
			buildActionMask = 2147483647;
			files = (
			);
			inputPaths = (
				"${PODS_PODFILE_DIR_PATH}/Podfile.lock",
				"${PODS_ROOT}/Manifest.lock",
			);
			name = "[CP] Check Pods Manifest.lock";
			outputPaths = (
				"$(DERIVED_FILE_DIR)/Pods-benzinLitre-checkManifestLockResult.txt",
			);
			runOnlyForDeploymentPostprocessing = 0;
			shellPath = /bin/sh;
			shellScript = "diff \"${PODS_PODFILE_DIR_PATH}/Podfile.lock\" \"${PODS_ROOT}/Manifest.lock\" > /dev/null\nif [ $? != 0 ] ; then\n    # print error to STDERR\n    echo \"error: The sandbox is not in sync with the Podfile.lock. Run 'pod install' or update your CocoaPods installation.\" >&2\n    exit 1\nfi\n# This output is used by Xcode 'outputs' to avoid re-running this script phase.\necho \"SUCCESS\" > \"${SCRIPT_OUTPUT_FILE_0}\"\n";
			showEnvVarsInLog = 0;
		};
		6A441D3E3CBACEF545FA53F0 /* [CP] Embed Pods Frameworks */ = {
			isa = PBXShellScriptBuildPhase;
			buildActionMask = 2147483647;
			files = (
			);
			inputPaths = (
				"${SRCROOT}/Pods/Target Support Files/Pods-benzinLitre/Pods-benzinLitre-frameworks.sh",
				"${BUILT_PRODUCTS_DIR}/Alamofire/Alamofire.framework",
				"${BUILT_PRODUCTS_DIR}/AlamofireObjectMapper/AlamofireObjectMapper.framework",
				"${BUILT_PRODUCTS_DIR}/ObjectMapper/ObjectMapper.framework",
			);
			name = "[CP] Embed Pods Frameworks";
			outputPaths = (
				"${TARGET_BUILD_DIR}/${FRAMEWORKS_FOLDER_PATH}/Alamofire.framework",
				"${TARGET_BUILD_DIR}/${FRAMEWORKS_FOLDER_PATH}/AlamofireObjectMapper.framework",
				"${TARGET_BUILD_DIR}/${FRAMEWORKS_FOLDER_PATH}/ObjectMapper.framework",
			);
			runOnlyForDeploymentPostprocessing = 0;
			shellPath = /bin/sh;
			shellScript = "\"${SRCROOT}/Pods/Target Support Files/Pods-benzinLitre/Pods-benzinLitre-frameworks.sh\"\n";
			showEnvVarsInLog = 0;
		};
/* End PBXShellScriptBuildPhase section */

/* Begin PBXSourcesBuildPhase section */
		EDA2D6DB230AA8B8002694BE /* Sources */ = {
			isa = PBXSourcesBuildPhase;
			buildActionMask = 2147483647;
			files = (
				EDA2D6E5230AA8B8002694BE /* BenzinLitreViewController.swift in Sources */,
				EDA2D6F5230AAF76002694BE /* BenzinLitreApi.swift in Sources */,
				ED2F50C7230B2BBC00DB32E3 /* BenzinLitreVM.swift in Sources */,
				ED2F50C5230ACCCA00DB32E3 /* BenzinLitreResponse.swift in Sources */,
				ED2F50CB230B3E6E00DB32E3 /* BenzinLitreCell.swift in Sources */,
				EDA2D6E3230AA8B8002694BE /* AppDelegate.swift in Sources */,
				EDE5C951230C15B500D0DD6E /* TimeInterval+Extension.swift in Sources */,
			);
			runOnlyForDeploymentPostprocessing = 0;
		};
/* End PBXSourcesBuildPhase section */

/* Begin PBXVariantGroup section */
		EDA2D6E6230AA8B8002694BE /* Main.storyboard */ = {
			isa = PBXVariantGroup;
			children = (
				EDA2D6E7230AA8B8002694BE /* Base */,
			);
			name = Main.storyboard;
			sourceTree = "<group>";
		};
		EDA2D6EB230AA8BA002694BE /* LaunchScreen.storyboard */ = {
			isa = PBXVariantGroup;
			children = (
				EDA2D6EC230AA8BA002694BE /* Base */,
			);
			name = LaunchScreen.storyboard;
			sourceTree = "<group>";
		};
/* End PBXVariantGroup section */

/* Begin XCBuildConfiguration section */
		EDA2D6EF230AA8BA002694BE /* Debug */ = {
			isa = XCBuildConfiguration;
			buildSettings = {
				ALWAYS_SEARCH_USER_PATHS = NO;
				CLANG_ANALYZER_NONNULL = YES;
				CLANG_ANALYZER_NUMBER_OBJECT_CONVERSION = YES_AGGRESSIVE;
				CLANG_CXX_LANGUAGE_STANDARD = "gnu++14";
				CLANG_CXX_LIBRARY = "libc++";
				CLANG_ENABLE_MODULES = YES;
				CLANG_ENABLE_OBJC_ARC = YES;
				CLANG_ENABLE_OBJC_WEAK = YES;
				CLANG_WARN_BLOCK_CAPTURE_AUTORELEASING = YES;
				CLANG_WARN_BOOL_CONVERSION = YES;
				CLANG_WARN_COMMA = YES;
				CLANG_WARN_CONSTANT_CONVERSION = YES;
				CLANG_WARN_DEPRECATED_OBJC_IMPLEMENTATIONS = YES;
				CLANG_WARN_DIRECT_OBJC_ISA_USAGE = YES_ERROR;
				CLANG_WARN_DOCUMENTATION_COMMENTS = YES;
				CLANG_WARN_EMPTY_BODY = YES;
				CLANG_WARN_ENUM_CONVERSION = YES;
				CLANG_WARN_INFINITE_RECURSION = YES;
				CLANG_WARN_INT_CONVERSION = YES;
				CLANG_WARN_NON_LITERAL_NULL_CONVERSION = YES;
				CLANG_WARN_OBJC_IMPLICIT_RETAIN_SELF = YES;
				CLANG_WARN_OBJC_LITERAL_CONVERSION = YES;
				CLANG_WARN_OBJC_ROOT_CLASS = YES_ERROR;
				CLANG_WARN_RANGE_LOOP_ANALYSIS = YES;
				CLANG_WARN_STRICT_PROTOTYPES = YES;
				CLANG_WARN_SUSPICIOUS_MOVE = YES;
				CLANG_WARN_UNGUARDED_AVAILABILITY = YES_AGGRESSIVE;
				CLANG_WARN_UNREACHABLE_CODE = YES;
				CLANG_WARN__DUPLICATE_METHOD_MATCH = YES;
				CODE_SIGN_IDENTITY = "iPhone Developer";
				COPY_PHASE_STRIP = NO;
				DEBUG_INFORMATION_FORMAT = dwarf;
				ENABLE_STRICT_OBJC_MSGSEND = YES;
				ENABLE_TESTABILITY = YES;
				GCC_C_LANGUAGE_STANDARD = gnu11;
				GCC_DYNAMIC_NO_PIC = NO;
				GCC_NO_COMMON_BLOCKS = YES;
				GCC_OPTIMIZATION_LEVEL = 0;
				GCC_PREPROCESSOR_DEFINITIONS = (
					"DEBUG=1",
					"$(inherited)",
				);
				GCC_WARN_64_TO_32_BIT_CONVERSION = YES;
				GCC_WARN_ABOUT_RETURN_TYPE = YES_ERROR;
				GCC_WARN_UNDECLARED_SELECTOR = YES;
				GCC_WARN_UNINITIALIZED_AUTOS = YES_AGGRESSIVE;
				GCC_WARN_UNUSED_FUNCTION = YES;
				GCC_WARN_UNUSED_VARIABLE = YES;
				IPHONEOS_DEPLOYMENT_TARGET = 12.2;
				MTL_ENABLE_DEBUG_INFO = INCLUDE_SOURCE;
				MTL_FAST_MATH = YES;
				ONLY_ACTIVE_ARCH = YES;
				SDKROOT = iphoneos;
				SWIFT_ACTIVE_COMPILATION_CONDITIONS = DEBUG;
				SWIFT_OPTIMIZATION_LEVEL = "-Onone";
			};
			name = Debug;
		};
		EDA2D6F0230AA8BA002694BE /* Release */ = {
			isa = XCBuildConfiguration;
			buildSettings = {
				ALWAYS_SEARCH_USER_PATHS = NO;
				CLANG_ANALYZER_NONNULL = YES;
				CLANG_ANALYZER_NUMBER_OBJECT_CONVERSION = YES_AGGRESSIVE;
				CLANG_CXX_LANGUAGE_STANDARD = "gnu++14";
				CLANG_CXX_LIBRARY = "libc++";
				CLANG_ENABLE_MODULES = YES;
				CLANG_ENABLE_OBJC_ARC = YES;
				CLANG_ENABLE_OBJC_WEAK = YES;
				CLANG_WARN_BLOCK_CAPTURE_AUTORELEASING = YES;
				CLANG_WARN_BOOL_CONVERSION = YES;
				CLANG_WARN_COMMA = YES;
				CLANG_WARN_CONSTANT_CONVERSION = YES;
				CLANG_WARN_DEPRECATED_OBJC_IMPLEMENTATIONS = YES;
				CLANG_WARN_DIRECT_OBJC_ISA_USAGE = YES_ERROR;
				CLANG_WARN_DOCUMENTATION_COMMENTS = YES;
				CLANG_WARN_EMPTY_BODY = YES;
				CLANG_WARN_ENUM_CONVERSION = YES;
				CLANG_WARN_INFINITE_RECURSION = YES;
				CLANG_WARN_INT_CONVERSION = YES;
				CLANG_WARN_NON_LITERAL_NULL_CONVERSION = YES;
				CLANG_WARN_OBJC_IMPLICIT_RETAIN_SELF = YES;
				CLANG_WARN_OBJC_LITERAL_CONVERSION = YES;
				CLANG_WARN_OBJC_ROOT_CLASS = YES_ERROR;
				CLANG_WARN_RANGE_LOOP_ANALYSIS = YES;
				CLANG_WARN_STRICT_PROTOTYPES = YES;
				CLANG_WARN_SUSPICIOUS_MOVE = YES;
				CLANG_WARN_UNGUARDED_AVAILABILITY = YES_AGGRESSIVE;
				CLANG_WARN_UNREACHABLE_CODE = YES;
				CLANG_WARN__DUPLICATE_METHOD_MATCH = YES;
				CODE_SIGN_IDENTITY = "iPhone Developer";
				COPY_PHASE_STRIP = NO;
				DEBUG_INFORMATION_FORMAT = "dwarf-with-dsym";
				ENABLE_NS_ASSERTIONS = NO;
				ENABLE_STRICT_OBJC_MSGSEND = YES;
				GCC_C_LANGUAGE_STANDARD = gnu11;
				GCC_NO_COMMON_BLOCKS = YES;
				GCC_WARN_64_TO_32_BIT_CONVERSION = YES;
				GCC_WARN_ABOUT_RETURN_TYPE = YES_ERROR;
				GCC_WARN_UNDECLARED_SELECTOR = YES;
				GCC_WARN_UNINITIALIZED_AUTOS = YES_AGGRESSIVE;
				GCC_WARN_UNUSED_FUNCTION = YES;
				GCC_WARN_UNUSED_VARIABLE = YES;
				IPHONEOS_DEPLOYMENT_TARGET = 12.2;
				MTL_ENABLE_DEBUG_INFO = NO;
				MTL_FAST_MATH = YES;
				SDKROOT = iphoneos;
				SWIFT_COMPILATION_MODE = wholemodule;
				SWIFT_OPTIMIZATION_LEVEL = "-O";
				VALIDATE_PRODUCT = YES;
			};
			name = Release;
		};
		EDA2D6F2230AA8BA002694BE /* Debug */ = {
			isa = XCBuildConfiguration;
			baseConfigurationReference = DC4A510BDF6B202AB2242AF4 /* Pods-benzinLitre.debug.xcconfig */;
			buildSettings = {
				ASSETCATALOG_COMPILER_APPICON_NAME = AppIcon;
				CODE_SIGN_STYLE = Automatic;
				DEVELOPMENT_TEAM = W6Q92ZA8LP;
				INFOPLIST_FILE = benzinLitre/Info.plist;
				IPHONEOS_DEPLOYMENT_TARGET = 10.4;
				LD_RUNPATH_SEARCH_PATHS = (
					"$(inherited)",
					"@executable_path/Frameworks",
				);
				PRODUCT_BUNDLE_IDENTIFIER = com.omurolgunay.benzinLitre;
				PRODUCT_NAME = "$(TARGET_NAME)";
				SWIFT_VERSION = 5.0;
				TARGETED_DEVICE_FAMILY = "1,2";
			};
			name = Debug;
		};
		EDA2D6F3230AA8BA002694BE /* Release */ = {
			isa = XCBuildConfiguration;
			baseConfigurationReference = C9133EF380676AF0C534DBB6 /* Pods-benzinLitre.release.xcconfig */;
			buildSettings = {
				ASSETCATALOG_COMPILER_APPICON_NAME = AppIcon;
				CODE_SIGN_STYLE = Automatic;
				DEVELOPMENT_TEAM = W6Q92ZA8LP;
				INFOPLIST_FILE = benzinLitre/Info.plist;
				IPHONEOS_DEPLOYMENT_TARGET = 10.4;
				LD_RUNPATH_SEARCH_PATHS = (
					"$(inherited)",
					"@executable_path/Frameworks",
				);
				PRODUCT_BUNDLE_IDENTIFIER = com.omurolgunay.benzinLitre;
				PRODUCT_NAME = "$(TARGET_NAME)";
				SWIFT_VERSION = 5.0;
				TARGETED_DEVICE_FAMILY = "1,2";
			};
			name = Release;
		};
/* End XCBuildConfiguration section */

/* Begin XCConfigurationList section */
		EDA2D6DA230AA8B8002694BE /* Build configuration list for PBXProject "benzinLitre" */ = {
			isa = XCConfigurationList;
			buildConfigurations = (
				EDA2D6EF230AA8BA002694BE /* Debug */,
				EDA2D6F0230AA8BA002694BE /* Release */,
			);
			defaultConfigurationIsVisible = 0;
			defaultConfigurationName = Release;
		};
		EDA2D6F1230AA8BA002694BE /* Build configuration list for PBXNativeTarget "benzinLitre" */ = {
			isa = XCConfigurationList;
			buildConfigurations = (
				EDA2D6F2230AA8BA002694BE /* Debug */,
				EDA2D6F3230AA8BA002694BE /* Release */,
			);
			defaultConfigurationIsVisible = 0;
			defaultConfigurationName = Release;
		};
/* End XCConfigurationList section */
	};
	rootObject = EDA2D6D7230AA8B8002694BE /* Project object */;
}
